// !$*UTF8*$!
{
	archiveVersion = 1;
	classes = {
	};
	objectVersion = 50;
	objects = {

/* Begin PBXBuildFile section */
		7CF0818827161C5A00554D88 /* AppDelegate.swift in Sources */ = {isa = PBXBuildFile; fileRef = 7CF0818727161C5A00554D88 /* AppDelegate.swift */; };
		7CF0819127161C5D00554D88 /* Assets.xcassets in Resources */ = {isa = PBXBuildFile; fileRef = 7CF0819027161C5D00554D88 /* Assets.xcassets */; };
		7CF0819427161C5D00554D88 /* LaunchScreen.storyboard in Resources */ = {isa = PBXBuildFile; fileRef = 7CF0819227161C5D00554D88 /* LaunchScreen.storyboard */; };
		7CF0819F27161C5D00554D88 /* VIP_Clean_SwiftTests.swift in Sources */ = {isa = PBXBuildFile; fileRef = 7CF0819E27161C5D00554D88 /* VIP_Clean_SwiftTests.swift */; };
		7CF081AA27161C5D00554D88 /* VIP_Clean_SwiftUITests.swift in Sources */ = {isa = PBXBuildFile; fileRef = 7CF081A927161C5D00554D88 /* VIP_Clean_SwiftUITests.swift */; };
		7CF081BC27161E2900554D88 /* TitlesView.swift in Sources */ = {isa = PBXBuildFile; fileRef = 7CF081BB27161E2900554D88 /* TitlesView.swift */; };
		7CF081BE27161E3400554D88 /* TitlesViewController.swift in Sources */ = {isa = PBXBuildFile; fileRef = 7CF081BD27161E3400554D88 /* TitlesViewController.swift */; };
		7CF081C027161E3E00554D88 /* TitlesInteractor.swift in Sources */ = {isa = PBXBuildFile; fileRef = 7CF081BF27161E3E00554D88 /* TitlesInteractor.swift */; };
		7CF081C227161E4700554D88 /* TitlesPresenter.swift in Sources */ = {isa = PBXBuildFile; fileRef = 7CF081C127161E4700554D88 /* TitlesPresenter.swift */; };
		7CF081C427161E4E00554D88 /* TitlesRouter.swift in Sources */ = {isa = PBXBuildFile; fileRef = 7CF081C327161E4E00554D88 /* TitlesRouter.swift */; };
		7CF081C627161E5E00554D88 /* TitlesConfigurator.swift in Sources */ = {isa = PBXBuildFile; fileRef = 7CF081C527161E5E00554D88 /* TitlesConfigurator.swift */; };
/* End PBXBuildFile section */

/* Begin PBXContainerItemProxy section */
		7CF0819B27161C5D00554D88 /* PBXContainerItemProxy */ = {
			isa = PBXContainerItemProxy;
			containerPortal = 7CF0817C27161C5900554D88 /* Project object */;
			proxyType = 1;
			remoteGlobalIDString = 7CF0818327161C5A00554D88;
			remoteInfo = "VIP-Clean-Swift";
		};
		7CF081A627161C5D00554D88 /* PBXContainerItemProxy */ = {
			isa = PBXContainerItemProxy;
			containerPortal = 7CF0817C27161C5900554D88 /* Project object */;
			proxyType = 1;
			remoteGlobalIDString = 7CF0818327161C5A00554D88;
			remoteInfo = "VIP-Clean-Swift";
		};
/* End PBXContainerItemProxy section */

/* Begin PBXFileReference section */
		7CF0818427161C5A00554D88 /* VIP-Clean-Swift.app */ = {isa = PBXFileReference; explicitFileType = wrapper.application; includeInIndex = 0; path = "VIP-Clean-Swift.app"; sourceTree = BUILT_PRODUCTS_DIR; };
		7CF0818727161C5A00554D88 /* AppDelegate.swift */ = {isa = PBXFileReference; lastKnownFileType = sourcecode.swift; path = AppDelegate.swift; sourceTree = "<group>"; };
		7CF0819027161C5D00554D88 /* Assets.xcassets */ = {isa = PBXFileReference; lastKnownFileType = folder.assetcatalog; path = Assets.xcassets; sourceTree = "<group>"; };
		7CF0819327161C5D00554D88 /* Base */ = {isa = PBXFileReference; lastKnownFileType = file.storyboard; name = Base; path = Base.lproj/LaunchScreen.storyboard; sourceTree = "<group>"; };
		7CF0819527161C5D00554D88 /* Info.plist */ = {isa = PBXFileReference; lastKnownFileType = text.plist.xml; path = Info.plist; sourceTree = "<group>"; };
		7CF0819A27161C5D00554D88 /* VIP-Clean-SwiftTests.xctest */ = {isa = PBXFileReference; explicitFileType = wrapper.cfbundle; includeInIndex = 0; path = "VIP-Clean-SwiftTests.xctest"; sourceTree = BUILT_PRODUCTS_DIR; };
		7CF0819E27161C5D00554D88 /* VIP_Clean_SwiftTests.swift */ = {isa = PBXFileReference; lastKnownFileType = sourcecode.swift; path = VIP_Clean_SwiftTests.swift; sourceTree = "<group>"; };
		7CF081A027161C5D00554D88 /* Info.plist */ = {isa = PBXFileReference; lastKnownFileType = text.plist.xml; path = Info.plist; sourceTree = "<group>"; };
		7CF081A527161C5D00554D88 /* VIP-Clean-SwiftUITests.xctest */ = {isa = PBXFileReference; explicitFileType = wrapper.cfbundle; includeInIndex = 0; path = "VIP-Clean-SwiftUITests.xctest"; sourceTree = BUILT_PRODUCTS_DIR; };
		7CF081A927161C5D00554D88 /* VIP_Clean_SwiftUITests.swift */ = {isa = PBXFileReference; lastKnownFileType = sourcecode.swift; path = VIP_Clean_SwiftUITests.swift; sourceTree = "<group>"; };
		7CF081AB27161C5D00554D88 /* Info.plist */ = {isa = PBXFileReference; lastKnownFileType = text.plist.xml; path = Info.plist; sourceTree = "<group>"; };
		7CF081BB27161E2900554D88 /* TitlesView.swift */ = {isa = PBXFileReference; lastKnownFileType = sourcecode.swift; path = TitlesView.swift; sourceTree = "<group>"; };
		7CF081BD27161E3400554D88 /* TitlesViewController.swift */ = {isa = PBXFileReference; lastKnownFileType = sourcecode.swift; path = TitlesViewController.swift; sourceTree = "<group>"; };
		7CF081BF27161E3E00554D88 /* TitlesInteractor.swift */ = {isa = PBXFileReference; lastKnownFileType = sourcecode.swift; path = TitlesInteractor.swift; sourceTree = "<group>"; };
		7CF081C127161E4700554D88 /* TitlesPresenter.swift */ = {isa = PBXFileReference; lastKnownFileType = sourcecode.swift; path = TitlesPresenter.swift; sourceTree = "<group>"; };
		7CF081C327161E4E00554D88 /* TitlesRouter.swift */ = {isa = PBXFileReference; lastKnownFileType = sourcecode.swift; path = TitlesRouter.swift; sourceTree = "<group>"; };
		7CF081C527161E5E00554D88 /* TitlesConfigurator.swift */ = {isa = PBXFileReference; lastKnownFileType = sourcecode.swift; path = TitlesConfigurator.swift; sourceTree = "<group>"; };
/* End PBXFileReference section */

/* Begin PBXFrameworksBuildPhase section */
		7CF0818127161C5A00554D88 /* Frameworks */ = {
			isa = PBXFrameworksBuildPhase;
			buildActionMask = 2147483647;
			files = (
			);
			runOnlyForDeploymentPostprocessing = 0;
		};
		7CF0819727161C5D00554D88 /* Frameworks */ = {
			isa = PBXFrameworksBuildPhase;
			buildActionMask = 2147483647;
			files = (
			);
			runOnlyForDeploymentPostprocessing = 0;
		};
		7CF081A227161C5D00554D88 /* Frameworks */ = {
			isa = PBXFrameworksBuildPhase;
			buildActionMask = 2147483647;
			files = (
			);
			runOnlyForDeploymentPostprocessing = 0;
		};
/* End PBXFrameworksBuildPhase section */

/* Begin PBXGroup section */
		7CF0817B27161C5900554D88 = {
			isa = PBXGroup;
			children = (
				7CF0818627161C5A00554D88 /* VIP-Clean-Swift */,
				7CF0819D27161C5D00554D88 /* VIP-Clean-SwiftTests */,
				7CF081A827161C5D00554D88 /* VIP-Clean-SwiftUITests */,
				7CF0818527161C5A00554D88 /* Products */,
			);
			sourceTree = "<group>";
		};
		7CF0818527161C5A00554D88 /* Products */ = {
			isa = PBXGroup;
			children = (
				7CF0818427161C5A00554D88 /* VIP-Clean-Swift.app */,
				7CF0819A27161C5D00554D88 /* VIP-Clean-SwiftTests.xctest */,
				7CF081A527161C5D00554D88 /* VIP-Clean-SwiftUITests.xctest */,
			);
			name = Products;
			sourceTree = "<group>";
		};
		7CF0818627161C5A00554D88 /* VIP-Clean-Swift */ = {
			isa = PBXGroup;
			children = (
				7CF081B727161D8500554D88 /* Application Layer */,
				7CF081B827161D9100554D88 /* Presentation Layer */,
				7CF0819527161C5D00554D88 /* Info.plist */,
			);
			path = "VIP-Clean-Swift";
			sourceTree = "<group>";
		};
		7CF0819D27161C5D00554D88 /* VIP-Clean-SwiftTests */ = {
			isa = PBXGroup;
			children = (
				7CF0819E27161C5D00554D88 /* VIP_Clean_SwiftTests.swift */,
				7CF081A027161C5D00554D88 /* Info.plist */,
			);
			path = "VIP-Clean-SwiftTests";
			sourceTree = "<group>";
		};
		7CF081A827161C5D00554D88 /* VIP-Clean-SwiftUITests */ = {
			isa = PBXGroup;
			children = (
				7CF081A927161C5D00554D88 /* VIP_Clean_SwiftUITests.swift */,
				7CF081AB27161C5D00554D88 /* Info.plist */,
			);
			path = "VIP-Clean-SwiftUITests";
			sourceTree = "<group>";
		};
		7CF081B727161D8500554D88 /* Application Layer */ = {
			isa = PBXGroup;
			children = (
				7CF081B927161DB300554D88 /* Resources */,
				7CF0818727161C5A00554D88 /* AppDelegate.swift */,
			);
			path = "Application Layer";
			sourceTree = "<group>";
		};
		7CF081B827161D9100554D88 /* Presentation Layer */ = {
			isa = PBXGroup;
			children = (
				7CF081BA27161E1C00554D88 /* Titles */,
			);
			path = "Presentation Layer";
			sourceTree = "<group>";
		};
		7CF081B927161DB300554D88 /* Resources */ = {
			isa = PBXGroup;
			children = (
				7CF0819027161C5D00554D88 /* Assets.xcassets */,
				7CF0819227161C5D00554D88 /* LaunchScreen.storyboard */,
			);
			path = Resources;
			sourceTree = "<group>";
		};
		7CF081BA27161E1C00554D88 /* Titles */ = {
			isa = PBXGroup;
			children = (
				7CF081BB27161E2900554D88 /* TitlesView.swift */,
				7CF081BD27161E3400554D88 /* TitlesViewController.swift */,
				7CF081BF27161E3E00554D88 /* TitlesInteractor.swift */,
				7CF081C127161E4700554D88 /* TitlesPresenter.swift */,
				7CF081C327161E4E00554D88 /* TitlesRouter.swift */,
				7CF081C527161E5E00554D88 /* TitlesConfigurator.swift */,
			);
			path = Titles;
			sourceTree = "<group>";
		};
/* End PBXGroup section */

/* Begin PBXNativeTarget section */
		7CF0818327161C5A00554D88 /* VIP-Clean-Swift */ = {
			isa = PBXNativeTarget;
			buildConfigurationList = 7CF081AE27161C5D00554D88 /* Build configuration list for PBXNativeTarget "VIP-Clean-Swift" */;
			buildPhases = (
				7CF0818027161C5A00554D88 /* Sources */,
				7CF0818127161C5A00554D88 /* Frameworks */,
				7CF0818227161C5A00554D88 /* Resources */,
			);
			buildRules = (
			);
			dependencies = (
			);
			name = "VIP-Clean-Swift";
			productName = "VIP-Clean-Swift";
			productReference = 7CF0818427161C5A00554D88 /* VIP-Clean-Swift.app */;
			productType = "com.apple.product-type.application";
		};
		7CF0819927161C5D00554D88 /* VIP-Clean-SwiftTests */ = {
			isa = PBXNativeTarget;
			buildConfigurationList = 7CF081B127161C5D00554D88 /* Build configuration list for PBXNativeTarget "VIP-Clean-SwiftTests" */;
			buildPhases = (
				7CF0819627161C5D00554D88 /* Sources */,
				7CF0819727161C5D00554D88 /* Frameworks */,
				7CF0819827161C5D00554D88 /* Resources */,
			);
			buildRules = (
			);
			dependencies = (
				7CF0819C27161C5D00554D88 /* PBXTargetDependency */,
			);
			name = "VIP-Clean-SwiftTests";
			productName = "VIP-Clean-SwiftTests";
			productReference = 7CF0819A27161C5D00554D88 /* VIP-Clean-SwiftTests.xctest */;
			productType = "com.apple.product-type.bundle.unit-test";
		};
		7CF081A427161C5D00554D88 /* VIP-Clean-SwiftUITests */ = {
			isa = PBXNativeTarget;
			buildConfigurationList = 7CF081B427161C5D00554D88 /* Build configuration list for PBXNativeTarget "VIP-Clean-SwiftUITests" */;
			buildPhases = (
				7CF081A127161C5D00554D88 /* Sources */,
				7CF081A227161C5D00554D88 /* Frameworks */,
				7CF081A327161C5D00554D88 /* Resources */,
			);
			buildRules = (
			);
			dependencies = (
				7CF081A727161C5D00554D88 /* PBXTargetDependency */,
			);
			name = "VIP-Clean-SwiftUITests";
			productName = "VIP-Clean-SwiftUITests";
			productReference = 7CF081A527161C5D00554D88 /* VIP-Clean-SwiftUITests.xctest */;
			productType = "com.apple.product-type.bundle.ui-testing";
		};
/* End PBXNativeTarget section */

/* Begin PBXProject section */
		7CF0817C27161C5900554D88 /* Project object */ = {
			isa = PBXProject;
			attributes = {
				LastSwiftUpdateCheck = 1250;
				LastUpgradeCheck = 1250;
				TargetAttributes = {
					7CF0818327161C5A00554D88 = {
						CreatedOnToolsVersion = 12.5.1;
					};
					7CF0819927161C5D00554D88 = {
						CreatedOnToolsVersion = 12.5.1;
						TestTargetID = 7CF0818327161C5A00554D88;
					};
					7CF081A427161C5D00554D88 = {
						CreatedOnToolsVersion = 12.5.1;
						TestTargetID = 7CF0818327161C5A00554D88;
					};
				};
			};
			buildConfigurationList = 7CF0817F27161C5900554D88 /* Build configuration list for PBXProject "VIP-Clean-Swift" */;
			compatibilityVersion = "Xcode 9.3";
			developmentRegion = en;
			hasScannedForEncodings = 0;
			knownRegions = (
				en,
				Base,
			);
			mainGroup = 7CF0817B27161C5900554D88;
			productRefGroup = 7CF0818527161C5A00554D88 /* Products */;
			projectDirPath = "";
			projectRoot = "";
			targets = (
				7CF0818327161C5A00554D88 /* VIP-Clean-Swift */,
				7CF0819927161C5D00554D88 /* VIP-Clean-SwiftTests */,
				7CF081A427161C5D00554D88 /* VIP-Clean-SwiftUITests */,
			);
		};
/* End PBXProject section */

/* Begin PBXResourcesBuildPhase section */
		7CF0818227161C5A00554D88 /* Resources */ = {
			isa = PBXResourcesBuildPhase;
			buildActionMask = 2147483647;
			files = (
				7CF0819427161C5D00554D88 /* LaunchScreen.storyboard in Resources */,
				7CF0819127161C5D00554D88 /* Assets.xcassets in Resources */,
			);
			runOnlyForDeploymentPostprocessing = 0;
		};
		7CF0819827161C5D00554D88 /* Resources */ = {
			isa = PBXResourcesBuildPhase;
			buildActionMask = 2147483647;
			files = (
			);
			runOnlyForDeploymentPostprocessing = 0;
		};
		7CF081A327161C5D00554D88 /* Resources */ = {
			isa = PBXResourcesBuildPhase;
			buildActionMask = 2147483647;
			files = (
			);
			runOnlyForDeploymentPostprocessing = 0;
		};
/* End PBXResourcesBuildPhase section */

/* Begin PBXSourcesBuildPhase section */
		7CF0818027161C5A00554D88 /* Sources */ = {
			isa = PBXSourcesBuildPhase;
			buildActionMask = 2147483647;
			files = (
				7CF081C427161E4E00554D88 /* TitlesRouter.swift in Sources */,
				7CF081BE27161E3400554D88 /* TitlesViewController.swift in Sources */,
				7CF0818827161C5A00554D88 /* AppDelegate.swift in Sources */,
				7CF081BC27161E2900554D88 /* TitlesView.swift in Sources */,
				7CF081C627161E5E00554D88 /* TitlesConfigurator.swift in Sources */,
				7CF081C027161E3E00554D88 /* TitlesInteractor.swift in Sources */,
				7CF081C227161E4700554D88 /* TitlesPresenter.swift in Sources */,
			);
			runOnlyForDeploymentPostprocessing = 0;
		};
		7CF0819627161C5D00554D88 /* Sources */ = {
			isa = PBXSourcesBuildPhase;
			buildActionMask = 2147483647;
			files = (
				7CF0819F27161C5D00554D88 /* VIP_Clean_SwiftTests.swift in Sources */,
			);
			runOnlyForDeploymentPostprocessing = 0;
		};
		7CF081A127161C5D00554D88 /* Sources */ = {
			isa = PBXSourcesBuildPhase;
			buildActionMask = 2147483647;
			files = (
				7CF081AA27161C5D00554D88 /* VIP_Clean_SwiftUITests.swift in Sources */,
			);
			runOnlyForDeploymentPostprocessing = 0;
		};
/* End PBXSourcesBuildPhase section */

/* Begin PBXTargetDependency section */
		7CF0819C27161C5D00554D88 /* PBXTargetDependency */ = {
			isa = PBXTargetDependency;
			target = 7CF0818327161C5A00554D88 /* VIP-Clean-Swift */;
			targetProxy = 7CF0819B27161C5D00554D88 /* PBXContainerItemProxy */;
		};
		7CF081A727161C5D00554D88 /* PBXTargetDependency */ = {
			isa = PBXTargetDependency;
			target = 7CF0818327161C5A00554D88 /* VIP-Clean-Swift */;
			targetProxy = 7CF081A627161C5D00554D88 /* PBXContainerItemProxy */;
		};
/* End PBXTargetDependency section */

/* Begin PBXVariantGroup section */
		7CF0819227161C5D00554D88 /* LaunchScreen.storyboard */ = {
			isa = PBXVariantGroup;
			children = (
				7CF0819327161C5D00554D88 /* Base */,
			);
			name = LaunchScreen.storyboard;
			sourceTree = "<group>";
		};
/* End PBXVariantGroup section */

/* Begin XCBuildConfiguration section */
		7CF081AC27161C5D00554D88 /* Debug */ = {
			isa = XCBuildConfiguration;
			buildSettings = {
				ALWAYS_SEARCH_USER_PATHS = NO;
				CLANG_ANALYZER_NONNULL = YES;
				CLANG_ANALYZER_NUMBER_OBJECT_CONVERSION = YES_AGGRESSIVE;
				CLANG_CXX_LANGUAGE_STANDARD = "gnu++14";
				CLANG_CXX_LIBRARY = "libc++";
				CLANG_ENABLE_MODULES = YES;
				CLANG_ENABLE_OBJC_ARC = YES;
				CLANG_ENABLE_OBJC_WEAK = YES;
				CLANG_WARN_BLOCK_CAPTURE_AUTORELEASING = YES;
				CLANG_WARN_BOOL_CONVERSION = YES;
				CLANG_WARN_COMMA = YES;
				CLANG_WARN_CONSTANT_CONVERSION = YES;
				CLANG_WARN_DEPRECATED_OBJC_IMPLEMENTATIONS = YES;
				CLANG_WARN_DIRECT_OBJC_ISA_USAGE = YES_ERROR;
				CLANG_WARN_DOCUMENTATION_COMMENTS = YES;
				CLANG_WARN_EMPTY_BODY = YES;
				CLANG_WARN_ENUM_CONVERSION = YES;
				CLANG_WARN_INFINITE_RECURSION = YES;
				CLANG_WARN_INT_CONVERSION = YES;
				CLANG_WARN_NON_LITERAL_NULL_CONVERSION = YES;
				CLANG_WARN_OBJC_IMPLICIT_RETAIN_SELF = YES;
				CLANG_WARN_OBJC_LITERAL_CONVERSION = YES;
				CLANG_WARN_OBJC_ROOT_CLASS = YES_ERROR;
				CLANG_WARN_QUOTED_INCLUDE_IN_FRAMEWORK_HEADER = YES;
				CLANG_WARN_RANGE_LOOP_ANALYSIS = YES;
				CLANG_WARN_STRICT_PROTOTYPES = YES;
				CLANG_WARN_SUSPICIOUS_MOVE = YES;
				CLANG_WARN_UNGUARDED_AVAILABILITY = YES_AGGRESSIVE;
				CLANG_WARN_UNREACHABLE_CODE = YES;
				CLANG_WARN__DUPLICATE_METHOD_MATCH = YES;
				COPY_PHASE_STRIP = NO;
				DEBUG_INFORMATION_FORMAT = dwarf;
				ENABLE_STRICT_OBJC_MSGSEND = YES;
				ENABLE_TESTABILITY = YES;
				GCC_C_LANGUAGE_STANDARD = gnu11;
				GCC_DYNAMIC_NO_PIC = NO;
				GCC_NO_COMMON_BLOCKS = YES;
				GCC_OPTIMIZATION_LEVEL = 0;
				GCC_PREPROCESSOR_DEFINITIONS = (
					"DEBUG=1",
					"$(inherited)",
				);
				GCC_WARN_64_TO_32_BIT_CONVERSION = YES;
				GCC_WARN_ABOUT_RETURN_TYPE = YES_ERROR;
				GCC_WARN_UNDECLARED_SELECTOR = YES;
				GCC_WARN_UNINITIALIZED_AUTOS = YES_AGGRESSIVE;
				GCC_WARN_UNUSED_FUNCTION = YES;
				GCC_WARN_UNUSED_VARIABLE = YES;
				IPHONEOS_DEPLOYMENT_TARGET = 14.5;
				MTL_ENABLE_DEBUG_INFO = INCLUDE_SOURCE;
				MTL_FAST_MATH = YES;
				ONLY_ACTIVE_ARCH = YES;
				SDKROOT = iphoneos;
				SWIFT_ACTIVE_COMPILATION_CONDITIONS = DEBUG;
				SWIFT_OPTIMIZATION_LEVEL = "-Onone";
			};
			name = Debug;
		};
		7CF081AD27161C5D00554D88 /* Release */ = {
			isa = XCBuildConfiguration;
			buildSettings = {
				ALWAYS_SEARCH_USER_PATHS = NO;
				CLANG_ANALYZER_NONNULL = YES;
				CLANG_ANALYZER_NUMBER_OBJECT_CONVERSION = YES_AGGRESSIVE;
				CLANG_CXX_LANGUAGE_STANDARD = "gnu++14";
				CLANG_CXX_LIBRARY = "libc++";
				CLANG_ENABLE_MODULES = YES;
				CLANG_ENABLE_OBJC_ARC = YES;
				CLANG_ENABLE_OBJC_WEAK = YES;
				CLANG_WARN_BLOCK_CAPTURE_AUTORELEASING = YES;
				CLANG_WARN_BOOL_CONVERSION = YES;
				CLANG_WARN_COMMA = YES;
				CLANG_WARN_CONSTANT_CONVERSION = YES;
				CLANG_WARN_DEPRECATED_OBJC_IMPLEMENTATIONS = YES;
				CLANG_WARN_DIRECT_OBJC_ISA_USAGE = YES_ERROR;
				CLANG_WARN_DOCUMENTATION_COMMENTS = YES;
				CLANG_WARN_EMPTY_BODY = YES;
				CLANG_WARN_ENUM_CONVERSION = YES;
				CLANG_WARN_INFINITE_RECURSION = YES;
				CLANG_WARN_INT_CONVERSION = YES;
				CLANG_WARN_NON_LITERAL_NULL_CONVERSION = YES;
				CLANG_WARN_OBJC_IMPLICIT_RETAIN_SELF = YES;
				CLANG_WARN_OBJC_LITERAL_CONVERSION = YES;
				CLANG_WARN_OBJC_ROOT_CLASS = YES_ERROR;
				CLANG_WARN_QUOTED_INCLUDE_IN_FRAMEWORK_HEADER = YES;
				CLANG_WARN_RANGE_LOOP_ANALYSIS = YES;
				CLANG_WARN_STRICT_PROTOTYPES = YES;
				CLANG_WARN_SUSPICIOUS_MOVE = YES;
				CLANG_WARN_UNGUARDED_AVAILABILITY = YES_AGGRESSIVE;
				CLANG_WARN_UNREACHABLE_CODE = YES;
				CLANG_WARN__DUPLICATE_METHOD_MATCH = YES;
				COPY_PHASE_STRIP = NO;
				DEBUG_INFORMATION_FORMAT = "dwarf-with-dsym";
				ENABLE_NS_ASSERTIONS = NO;
				ENABLE_STRICT_OBJC_MSGSEND = YES;
				GCC_C_LANGUAGE_STANDARD = gnu11;
				GCC_NO_COMMON_BLOCKS = YES;
				GCC_WARN_64_TO_32_BIT_CONVERSION = YES;
				GCC_WARN_ABOUT_RETURN_TYPE = YES_ERROR;
				GCC_WARN_UNDECLARED_SELECTOR = YES;
				GCC_WARN_UNINITIALIZED_AUTOS = YES_AGGRESSIVE;
				GCC_WARN_UNUSED_FUNCTION = YES;
				GCC_WARN_UNUSED_VARIABLE = YES;
				IPHONEOS_DEPLOYMENT_TARGET = 14.5;
				MTL_ENABLE_DEBUG_INFO = NO;
				MTL_FAST_MATH = YES;
				SDKROOT = iphoneos;
				SWIFT_COMPILATION_MODE = wholemodule;
				SWIFT_OPTIMIZATION_LEVEL = "-O";
				VALIDATE_PRODUCT = YES;
			};
			name = Release;
		};
		7CF081AF27161C5D00554D88 /* Debug */ = {
			isa = XCBuildConfiguration;
			buildSettings = {
				ASSETCATALOG_COMPILER_APPICON_NAME = AppIcon;
				ASSETCATALOG_COMPILER_GLOBAL_ACCENT_COLOR_NAME = AccentColor;
				CODE_SIGN_STYLE = Automatic;
				DEVELOPMENT_TEAM = N6XJNT6HXP;
				INFOPLIST_FILE = "VIP-Clean-Swift/Info.plist";
				LD_RUNPATH_SEARCH_PATHS = (
					"$(inherited)",
					"@executable_path/Frameworks",
				);
				PRODUCT_BUNDLE_IDENTIFIER = "com.renatomateusx.VIP-Clean-Swift";
				PRODUCT_NAME = "$(TARGET_NAME)";
				SWIFT_VERSION = 5.0;
				TARGETED_DEVICE_FAMILY = "1,2";
			};
			name = Debug;
		};
		7CF081B027161C5D00554D88 /* Release */ = {
			isa = XCBuildConfiguration;
			buildSettings = {
				ASSETCATALOG_COMPILER_APPICON_NAME = AppIcon;
				ASSETCATALOG_COMPILER_GLOBAL_ACCENT_COLOR_NAME = AccentColor;
				CODE_SIGN_STYLE = Automatic;
				DEVELOPMENT_TEAM = N6XJNT6HXP;
				INFOPLIST_FILE = "VIP-Clean-Swift/Info.plist";
				LD_RUNPATH_SEARCH_PATHS = (
					"$(inherited)",
					"@executable_path/Frameworks",
				);
				PRODUCT_BUNDLE_IDENTIFIER = "com.renatomateusx.VIP-Clean-Swift";
				PRODUCT_NAME = "$(TARGET_NAME)";
				SWIFT_VERSION = 5.0;
				TARGETED_DEVICE_FAMILY = "1,2";
			};
			name = Release;
		};
		7CF081B227161C5D00554D88 /* Debug */ = {
			isa = XCBuildConfiguration;
			buildSettings = {
				ALWAYS_EMBED_SWIFT_STANDARD_LIBRARIES = YES;
				BUNDLE_LOADER = "$(TEST_HOST)";
				CODE_SIGN_STYLE = Automatic;
				DEVELOPMENT_TEAM = N6XJNT6HXP;
				INFOPLIST_FILE = "VIP-Clean-SwiftTests/Info.plist";
				IPHONEOS_DEPLOYMENT_TARGET = 14.5;
				LD_RUNPATH_SEARCH_PATHS = (
					"$(inherited)",
					"@executable_path/Frameworks",
					"@loader_path/Frameworks",
				);
				PRODUCT_BUNDLE_IDENTIFIER = "com.renatomateusx.VIP-Clean-SwiftTests";
				PRODUCT_NAME = "$(TARGET_NAME)";
				SWIFT_VERSION = 5.0;
				TARGETED_DEVICE_FAMILY = "1,2";
				TEST_HOST = "$(BUILT_PRODUCTS_DIR)/VIP-Clean-Swift.app/VIP-Clean-Swift";
			};
			name = Debug;
		};
		7CF081B327161C5D00554D88 /* Release */ = {
			isa = XCBuildConfiguration;
			buildSettings = {
				ALWAYS_EMBED_SWIFT_STANDARD_LIBRARIES = YES;
				BUNDLE_LOADER = "$(TEST_HOST)";
				CODE_SIGN_STYLE = Automatic;
				DEVELOPMENT_TEAM = N6XJNT6HXP;
				INFOPLIST_FILE = "VIP-Clean-SwiftTests/Info.plist";
				IPHONEOS_DEPLOYMENT_TARGET = 14.5;
				LD_RUNPATH_SEARCH_PATHS = (
					"$(inherited)",
					"@executable_path/Frameworks",
					"@loader_path/Frameworks",
				);
				PRODUCT_BUNDLE_IDENTIFIER = "com.renatomateusx.VIP-Clean-SwiftTests";
				PRODUCT_NAME = "$(TARGET_NAME)";
				SWIFT_VERSION = 5.0;
				TARGETED_DEVICE_FAMILY = "1,2";
				TEST_HOST = "$(BUILT_PRODUCTS_DIR)/VIP-Clean-Swift.app/VIP-Clean-Swift";
			};
			name = Release;
		};
		7CF081B527161C5D00554D88 /* Debug */ = {
			isa = XCBuildConfiguration;
			buildSettings = {
				ALWAYS_EMBED_SWIFT_STANDARD_LIBRARIES = YES;
				CODE_SIGN_STYLE = Automatic;
				DEVELOPMENT_TEAM = N6XJNT6HXP;
				INFOPLIST_FILE = "VIP-Clean-SwiftUITests/Info.plist";
				LD_RUNPATH_SEARCH_PATHS = (
					"$(inherited)",
					"@executable_path/Frameworks",
					"@loader_path/Frameworks",
				);
				PRODUCT_BUNDLE_IDENTIFIER = "com.renatomateusx.VIP-Clean-SwiftUITests";
				PRODUCT_NAME = "$(TARGET_NAME)";
				SWIFT_VERSION = 5.0;
				TARGETED_DEVICE_FAMILY = "1,2";
				TEST_TARGET_NAME = "VIP-Clean-Swift";
			};
			name = Debug;
		};
		7CF081B627161C5D00554D88 /* Release */ = {
			isa = XCBuildConfiguration;
			buildSettings = {
				ALWAYS_EMBED_SWIFT_STANDARD_LIBRARIES = YES;
				CODE_SIGN_STYLE = Automatic;
				DEVELOPMENT_TEAM = N6XJNT6HXP;
				INFOPLIST_FILE = "VIP-Clean-SwiftUITests/Info.plist";
				LD_RUNPATH_SEARCH_PATHS = (
					"$(inherited)",
					"@executable_path/Frameworks",
					"@loader_path/Frameworks",
				);
				PRODUCT_BUNDLE_IDENTIFIER = "com.renatomateusx.VIP-Clean-SwiftUITests";
				PRODUCT_NAME = "$(TARGET_NAME)";
				SWIFT_VERSION = 5.0;
				TARGETED_DEVICE_FAMILY = "1,2";
				TEST_TARGET_NAME = "VIP-Clean-Swift";
			};
			name = Release;
		};
/* End XCBuildConfiguration section */

/* Begin XCConfigurationList section */
		7CF0817F27161C5900554D88 /* Build configuration list for PBXProject "VIP-Clean-Swift" */ = {
			isa = XCConfigurationList;
			buildConfigurations = (
				7CF081AC27161C5D00554D88 /* Debug */,
				7CF081AD27161C5D00554D88 /* Release */,
			);
			defaultConfigurationIsVisible = 0;
			defaultConfigurationName = Release;
		};
		7CF081AE27161C5D00554D88 /* Build configuration list for PBXNativeTarget "VIP-Clean-Swift" */ = {
			isa = XCConfigurationList;
			buildConfigurations = (
				7CF081AF27161C5D00554D88 /* Debug */,
				7CF081B027161C5D00554D88 /* Release */,
			);
			defaultConfigurationIsVisible = 0;
			defaultConfigurationName = Release;
		};
		7CF081B127161C5D00554D88 /* Build configuration list for PBXNativeTarget "VIP-Clean-SwiftTests" */ = {
			isa = XCConfigurationList;
			buildConfigurations = (
				7CF081B227161C5D00554D88 /* Debug */,
				7CF081B327161C5D00554D88 /* Release */,
			);
			defaultConfigurationIsVisible = 0;
			defaultConfigurationName = Release;
		};
		7CF081B427161C5D00554D88 /* Build configuration list for PBXNativeTarget "VIP-Clean-SwiftUITests" */ = {
			isa = XCConfigurationList;
			buildConfigurations = (
				7CF081B527161C5D00554D88 /* Debug */,
				7CF081B627161C5D00554D88 /* Release */,
			);
			defaultConfigurationIsVisible = 0;
			defaultConfigurationName = Release;
		};
/* End XCConfigurationList section */
	};
	rootObject = 7CF0817C27161C5900554D88 /* Project object */;
}
